
Microsoft Visual Studio Solution File, Format Version 12.00
# Visual Studio 15
VisualStudioVersion = 15.0.26730.16
MinimumVisualStudioVersion = 10.0.40219.1
Project("{2150E333-8FDC-42A3-9474-1A3956D46DE8}") = "LinkLeiloes", "LinkLeiloes", "{75D832DA-9D55-4269-8629-31E2B40D7973}"
EndProject
Project("{FAE04EC0-301F-11D3-BF4B-00C04F79EFBC}") = "MobLink.Framework", "MobLink.Framework\MobLink.Framework\MobLink.Framework.csproj", "{A8233DB7-CC04-4C44-BCE5-475A0B9947EC}"
EndProject
Project("{2150E333-8FDC-42A3-9474-1A3956D46DE8}") = "Framework", "Framework", "{46238FE8-90C2-4147-94A9-5EFDB79C511A}"
EndProject
Project("{FAE04EC0-301F-11D3-BF4B-00C04F79EFBC}") = "MobLink.Framework.WebServices", "MobLink.Framework\MobLink.Framework.WebServices\MobLink.Framework.WebServices.csproj", "{F5A8E902-E916-40D8-B094-7709FE361901}"
EndProject
Project("{2150E333-8FDC-42A3-9474-1A3956D46DE8}") = "LinkAutoAtendimento", "LinkAutoAtendimento", "{F1874CAC-E82C-4C0B-90EE-0C71AB4E691A}"
EndProject
Project("{FAE04EC0-301F-11D3-BF4B-00C04F79EFBC}") = "MobLink.LinkAutoAtendimento.Web", "MobLink.LinkAutoAtendimento\MobLink.LinkAutoAtendimento.Web\MobLink.LinkAutoAtendimento.Web.csproj", "{16EF52B9-FBD4-4164-947D-62FD3D720F4B}"
EndProject
Project("{FAE04EC0-301F-11D3-BF4B-00C04F79EFBC}") = "MobLink.LinkLeiloes.Dominio", "MobLink.LinkLeiloes\MobLink.LinkLeiloes.Dominio\MobLink.LinkLeiloes.Dominio.csproj", "{46834F07-64AB-489A-ABC4-7149312EB1DB}"
EndProject
Project("{FAE04EC0-301F-11D3-BF4B-00C04F79EFBC}") = "MobLink.LinkLeiloes.Repositorio", "MobLink.LinkLeiloes\MobLink.LinkLeiloes.Repositorio\MobLink.LinkLeiloes.Repositorio.csproj", "{C0106801-D65C-4BCC-94AC-A7E0DE18A6D3}"
EndProject
Project("{FAE04EC0-301F-11D3-BF4B-00C04F79EFBC}") = "MobLink.LinkLeiloes.Web", "MobLink.LinkLeiloes\MobLink.LinkLeiloes.Web\MobLink.LinkLeiloes.Web.csproj", "{7F88E760-CFA0-4D95-ACD2-3CB76C9E4AE2}"
EndProject
Project("{2150E333-8FDC-42A3-9474-1A3956D46DE8}") = "Utilitários", "Utilitários", "{9823F4FA-4F79-4907-9474-42B5825CCF83}"
EndProject
Project("{FAE04EC0-301F-11D3-BF4B-00C04F79EFBC}") = "ImportarExcel", "MobLink.LinkLeiloes\ImportarExcel\ImportarExcel.csproj", "{6E561132-03FB-4B82-BCA0-369EBBDC9C69}"
EndProject
Project("{2150E333-8FDC-42A3-9474-1A3956D46DE8}") = "SAP", "SAP", "{9F2B9202-C693-4DF8-95FD-017668D732A6}"
EndProject
Project("{FAE04EC0-301F-11D3-BF4B-00C04F79EFBC}") = "MobLink.WSSap.WebService", "MobLink.WebserviceSap\MobLink.WSSap.WebService\MobLink.WSSap.WebService.csproj", "{87C0BF25-2305-483F-8CEB-93AF51F5018B}"
EndProject
Project("{FAE04EC0-301F-11D3-BF4B-00C04F79EFBC}") = "MobLink.WSSap.Dominio", "MobLink.WebserviceSap\MobLink.WSSap.Dominio\MobLink.WSSap.Dominio.csproj", "{C9B886CA-8211-4A42-863B-8C1B197FA337}"
EndProject
Project("{FAE04EC0-301F-11D3-BF4B-00C04F79EFBC}") = "MobLink.WSSap.Repositorio", "MobLink.WebserviceSap\MobLink.WSSap.Repositorio\MobLink.WSSap.Repositorio.csproj", "{FFCE4CC1-6B70-482F-B58C-CE5A7422F5D9}"
EndProject
Project("{FAE04EC0-301F-11D3-BF4B-00C04F79EFBC}") = "MobLink.Utilitarios.Repositorio", "MobLink.WebserviceSap\MobLink.Utilitarios.Repositorio\MobLink.Utilitarios.Repositorio.csproj", "{A4B218CD-32AF-44EA-9E88-717FE6829986}"
EndProject
Global
	GlobalSection(SolutionConfigurationPlatforms) = preSolution
		Debug|Any CPU = Debug|Any CPU
		Release|Any CPU = Release|Any CPU
	EndGlobalSection
	GlobalSection(ProjectConfigurationPlatforms) = postSolution
		{A8233DB7-CC04-4C44-BCE5-475A0B9947EC}.Debug|Any CPU.ActiveCfg = Debug|Any CPU
		{A8233DB7-CC04-4C44-BCE5-475A0B9947EC}.Debug|Any CPU.Build.0 = Debug|Any CPU
		{A8233DB7-CC04-4C44-BCE5-475A0B9947EC}.Release|Any CPU.ActiveCfg = Release|Any CPU
		{A8233DB7-CC04-4C44-BCE5-475A0B9947EC}.Release|Any CPU.Build.0 = Release|Any CPU
		{F5A8E902-E916-40D8-B094-7709FE361901}.Debug|Any CPU.ActiveCfg = Debug|Any CPU
		{F5A8E902-E916-40D8-B094-7709FE361901}.Debug|Any CPU.Build.0 = Debug|Any CPU
		{F5A8E902-E916-40D8-B094-7709FE361901}.Release|Any CPU.ActiveCfg = Release|Any CPU
		{F5A8E902-E916-40D8-B094-7709FE361901}.Release|Any CPU.Build.0 = Release|Any CPU
		{16EF52B9-FBD4-4164-947D-62FD3D720F4B}.Debug|Any CPU.ActiveCfg = Debug|Any CPU
		{16EF52B9-FBD4-4164-947D-62FD3D720F4B}.Debug|Any CPU.Build.0 = Debug|Any CPU
		{16EF52B9-FBD4-4164-947D-62FD3D720F4B}.Release|Any CPU.ActiveCfg = Release|Any CPU
		{16EF52B9-FBD4-4164-947D-62FD3D720F4B}.Release|Any CPU.Build.0 = Release|Any CPU
		{46834F07-64AB-489A-ABC4-7149312EB1DB}.Debug|Any CPU.ActiveCfg = Debug|Any CPU
		{46834F07-64AB-489A-ABC4-7149312EB1DB}.Debug|Any CPU.Build.0 = Debug|Any CPU
		{46834F07-64AB-489A-ABC4-7149312EB1DB}.Release|Any CPU.ActiveCfg = Release|Any CPU
		{46834F07-64AB-489A-ABC4-7149312EB1DB}.Release|Any CPU.Build.0 = Release|Any CPU
		{C0106801-D65C-4BCC-94AC-A7E0DE18A6D3}.Debug|Any CPU.ActiveCfg = Debug|Any CPU
		{C0106801-D65C-4BCC-94AC-A7E0DE18A6D3}.Debug|Any CPU.Build.0 = Debug|Any CPU
		{C0106801-D65C-4BCC-94AC-A7E0DE18A6D3}.Release|Any CPU.ActiveCfg = Release|Any CPU
		{C0106801-D65C-4BCC-94AC-A7E0DE18A6D3}.Release|Any CPU.Build.0 = Release|Any CPU
		{7F88E760-CFA0-4D95-ACD2-3CB76C9E4AE2}.Debug|Any CPU.ActiveCfg = Debug|Any CPU
		{7F88E760-CFA0-4D95-ACD2-3CB76C9E4AE2}.Debug|Any CPU.Build.0 = Debug|Any CPU
		{7F88E760-CFA0-4D95-ACD2-3CB76C9E4AE2}.Release|Any CPU.ActiveCfg = Release|Any CPU
		{7F88E760-CFA0-4D95-ACD2-3CB76C9E4AE2}.Release|Any CPU.Build.0 = Release|Any CPU
		{6E561132-03FB-4B82-BCA0-369EBBDC9C69}.Debug|Any CPU.ActiveCfg = Debug|Any CPU
		{6E561132-03FB-4B82-BCA0-369EBBDC9C69}.Debug|Any CPU.Build.0 = Debug|Any CPU
		{6E561132-03FB-4B82-BCA0-369EBBDC9C69}.Release|Any CPU.ActiveCfg = Release|Any CPU
		{6E561132-03FB-4B82-BCA0-369EBBDC9C69}.Release|Any CPU.Build.0 = Release|Any CPU
		{87C0BF25-2305-483F-8CEB-93AF51F5018B}.Debug|Any CPU.ActiveCfg = Debug|Any CPU
		{87C0BF25-2305-483F-8CEB-93AF51F5018B}.Debug|Any CPU.Build.0 = Debug|Any CPU
		{87C0BF25-2305-483F-8CEB-93AF51F5018B}.Release|Any CPU.ActiveCfg = Release|Any CPU
		{87C0BF25-2305-483F-8CEB-93AF51F5018B}.Release|Any CPU.Build.0 = Release|Any CPU
		{C9B886CA-8211-4A42-863B-8C1B197FA337}.Debug|Any CPU.ActiveCfg = Debug|Any CPU
		{C9B886CA-8211-4A42-863B-8C1B197FA337}.Debug|Any CPU.Build.0 = Debug|Any CPU
		{C9B886CA-8211-4A42-863B-8C1B197FA337}.Release|Any CPU.ActiveCfg = Release|Any CPU
		{C9B886CA-8211-4A42-863B-8C1B197FA337}.Release|Any CPU.Build.0 = Release|Any CPU
		{FFCE4CC1-6B70-482F-B58C-CE5A7422F5D9}.Debug|Any CPU.ActiveCfg = Debug|Any CPU
		{FFCE4CC1-6B70-482F-B58C-CE5A7422F5D9}.Debug|Any CPU.Build.0 = Debug|Any CPU
		{FFCE4CC1-6B70-482F-B58C-CE5A7422F5D9}.Release|Any CPU.ActiveCfg = Release|Any CPU
		{FFCE4CC1-6B70-482F-B58C-CE5A7422F5D9}.Release|Any CPU.Build.0 = Release|Any CPU
		{A4B218CD-32AF-44EA-9E88-717FE6829986}.Debug|Any CPU.ActiveCfg = Debug|Any CPU
		{A4B218CD-32AF-44EA-9E88-717FE6829986}.Debug|Any CPU.Build.0 = Debug|Any CPU
		{A4B218CD-32AF-44EA-9E88-717FE6829986}.Release|Any CPU.ActiveCfg = Release|Any CPU
		{A4B218CD-32AF-44EA-9E88-717FE6829986}.Release|Any CPU.Build.0 = Release|Any CPU
	EndGlobalSection
	GlobalSection(SolutionProperties) = preSolution
		HideSolutionNode = FALSE
	EndGlobalSection
	GlobalSection(NestedProjects) = preSolution
		{A8233DB7-CC04-4C44-BCE5-475A0B9947EC} = {46238FE8-90C2-4147-94A9-5EFDB79C511A}
		{F5A8E902-E916-40D8-B094-7709FE361901} = {46238FE8-90C2-4147-94A9-5EFDB79C511A}
		{16EF52B9-FBD4-4164-947D-62FD3D720F4B} = {F1874CAC-E82C-4C0B-90EE-0C71AB4E691A}
		{46834F07-64AB-489A-ABC4-7149312EB1DB} = {75D832DA-9D55-4269-8629-31E2B40D7973}
		{C0106801-D65C-4BCC-94AC-A7E0DE18A6D3} = {75D832DA-9D55-4269-8629-31E2B40D7973}
		{7F88E760-CFA0-4D95-ACD2-3CB76C9E4AE2} = {75D832DA-9D55-4269-8629-31E2B40D7973}
		{9823F4FA-4F79-4907-9474-42B5825CCF83} = {75D832DA-9D55-4269-8629-31E2B40D7973}
		{6E561132-03FB-4B82-BCA0-369EBBDC9C69} = {9823F4FA-4F79-4907-9474-42B5825CCF83}
		{87C0BF25-2305-483F-8CEB-93AF51F5018B} = {9F2B9202-C693-4DF8-95FD-017668D732A6}
		{C9B886CA-8211-4A42-863B-8C1B197FA337} = {9F2B9202-C693-4DF8-95FD-017668D732A6}
		{FFCE4CC1-6B70-482F-B58C-CE5A7422F5D9} = {9F2B9202-C693-4DF8-95FD-017668D732A6}
		{A4B218CD-32AF-44EA-9E88-717FE6829986} = {9F2B9202-C693-4DF8-95FD-017668D732A6}
	EndGlobalSection
	GlobalSection(ExtensibilityGlobals) = postSolution
		SolutionGuid = {AA140984-D972-4B6D-B2FF-D984A27655CB}
	EndGlobalSection
EndGlobal
